// !$*UTF8*$!
{
	archiveVersion = 1;
	classes = {
	};
	objectVersion = 46;
	objects = {

/* Begin PBXBuildFile section */
		FA2E523E14C36906005B72CD /* Cocoa.framework in Frameworks */ = {isa = PBXBuildFile; fileRef = FA2E523D14C36905005B72CD /* Cocoa.framework */; };
		FA2E524814C36906005B72CD /* InfoPlist.strings in Resources */ = {isa = PBXBuildFile; fileRef = FA2E524614C36906005B72CD /* InfoPlist.strings */; };
		FA2E524A14C36906005B72CD /* main.m in Sources */ = {isa = PBXBuildFile; fileRef = FA2E524914C36906005B72CD /* main.m */; };
		FA2E524E14C36906005B72CD /* Credits.rtf in Resources */ = {isa = PBXBuildFile; fileRef = FA2E524C14C36906005B72CD /* Credits.rtf */; };
		FA2E525114C36906005B72CD /* AppDelegate.m in Sources */ = {isa = PBXBuildFile; fileRef = FA2E525014C36906005B72CD /* AppDelegate.m */; };
		FA2E525414C36906005B72CD /* MainMenu.xib in Resources */ = {isa = PBXBuildFile; fileRef = FA2E525214C36906005B72CD /* MainMenu.xib */; };
		FA2E525F14C36A6A005B72CD /* AddressBook.framework in Frameworks */ = {isa = PBXBuildFile; fileRef = FA2E525E14C36A6A005B72CD /* AddressBook.framework */; };
		FA2E526214C36B09005B72CD /* ABDuplicateDiscrepancy.m in Sources */ = {isa = PBXBuildFile; fileRef = FA2E526114C36B09005B72CD /* ABDuplicateDiscrepancy.m */; };
		FA2E526514C36D02005B72CD /* ABDiscrepancyScanner.m in Sources */ = {isa = PBXBuildFile; fileRef = FA2E526414C36D02005B72CD /* ABDiscrepancyScanner.m */; };
		FA2E526914C385E3005B72CD /* ABDiscrepancy.m in Sources */ = {isa = PBXBuildFile; fileRef = FA2E526814C385E3005B72CD /* ABDiscrepancy.m */; };
		FA2E526C14C38B07005B72CD /* ABDiscrepancyView.m in Sources */ = {isa = PBXBuildFile; fileRef = FA2E526B14C38B07005B72CD /* ABDiscrepancyView.m */; };
		FA2E527114C3D4EB005B72CD /* ABDiscrepancyListView.m in Sources */ = {isa = PBXBuildFile; fileRef = FA2E527014C3D4EB005B72CD /* ABDiscrepancyListView.m */; };
/* End PBXBuildFile section */

/* Begin PBXFileReference section */
		FA2E523914C36905005B72CD /* ABCleaner.app */ = {isa = PBXFileReference; explicitFileType = wrapper.application; includeInIndex = 0; path = ABCleaner.app; sourceTree = BUILT_PRODUCTS_DIR; };
		FA2E523D14C36905005B72CD /* Cocoa.framework */ = {isa = PBXFileReference; lastKnownFileType = wrapper.framework; name = Cocoa.framework; path = System/Library/Frameworks/Cocoa.framework; sourceTree = SDKROOT; };
		FA2E524014C36906005B72CD /* AppKit.framework */ = {isa = PBXFileReference; lastKnownFileType = wrapper.framework; name = AppKit.framework; path = System/Library/Frameworks/AppKit.framework; sourceTree = SDKROOT; };
		FA2E524114C36906005B72CD /* CoreData.framework */ = {isa = PBXFileReference; lastKnownFileType = wrapper.framework; name = CoreData.framework; path = System/Library/Frameworks/CoreData.framework; sourceTree = SDKROOT; };
		FA2E524214C36906005B72CD /* Foundation.framework */ = {isa = PBXFileReference; lastKnownFileType = wrapper.framework; name = Foundation.framework; path = System/Library/Frameworks/Foundation.framework; sourceTree = SDKROOT; };
		FA2E524514C36906005B72CD /* ABCleaner-Info.plist */ = {isa = PBXFileReference; lastKnownFileType = text.plist.xml; path = "ABCleaner-Info.plist"; sourceTree = "<group>"; };
		FA2E524714C36906005B72CD /* en */ = {isa = PBXFileReference; lastKnownFileType = text.plist.strings; name = en; path = en.lproj/InfoPlist.strings; sourceTree = "<group>"; };
		FA2E524914C36906005B72CD /* main.m */ = {isa = PBXFileReference; lastKnownFileType = sourcecode.c.objc; path = main.m; sourceTree = "<group>"; };
		FA2E524B14C36906005B72CD /* ABCleaner-Prefix.pch */ = {isa = PBXFileReference; lastKnownFileType = sourcecode.c.h; path = "ABCleaner-Prefix.pch"; sourceTree = "<group>"; };
		FA2E524D14C36906005B72CD /* en */ = {isa = PBXFileReference; lastKnownFileType = text.rtf; name = en; path = en.lproj/Credits.rtf; sourceTree = "<group>"; };
		FA2E524F14C36906005B72CD /* AppDelegate.h */ = {isa = PBXFileReference; lastKnownFileType = sourcecode.c.h; path = AppDelegate.h; sourceTree = "<group>"; };
		FA2E525014C36906005B72CD /* AppDelegate.m */ = {isa = PBXFileReference; lastKnownFileType = sourcecode.c.objc; path = AppDelegate.m; sourceTree = "<group>"; };
		FA2E525314C36906005B72CD /* en */ = {isa = PBXFileReference; lastKnownFileType = file.xib; name = en; path = en.lproj/MainMenu.xib; sourceTree = "<group>"; };
		FA2E525E14C36A6A005B72CD /* AddressBook.framework */ = {isa = PBXFileReference; lastKnownFileType = wrapper.framework; name = AddressBook.framework; path = System/Library/Frameworks/AddressBook.framework; sourceTree = SDKROOT; };
		FA2E526014C36B09005B72CD /* ABDuplicateDiscrepancy.h */ = {isa = PBXFileReference; fileEncoding = 4; lastKnownFileType = sourcecode.c.h; path = ABDuplicateDiscrepancy.h; sourceTree = "<group>"; };
		FA2E526114C36B09005B72CD /* ABDuplicateDiscrepancy.m */ = {isa = PBXFileReference; fileEncoding = 4; lastKnownFileType = sourcecode.c.objc; path = ABDuplicateDiscrepancy.m; sourceTree = "<group>"; };
		FA2E526314C36D02005B72CD /* ABDiscrepancyScanner.h */ = {isa = PBXFileReference; fileEncoding = 4; lastKnownFileType = sourcecode.c.h; path = ABDiscrepancyScanner.h; sourceTree = "<group>"; };
		FA2E526414C36D02005B72CD /* ABDiscrepancyScanner.m */ = {isa = PBXFileReference; fileEncoding = 4; lastKnownFileType = sourcecode.c.objc; path = ABDiscrepancyScanner.m; sourceTree = "<group>"; };
		FA2E526714C385BD005B72CD /* ABDiscrepancy.h */ = {isa = PBXFileReference; fileEncoding = 4; lastKnownFileType = sourcecode.c.h; path = ABDiscrepancy.h; sourceTree = "<group>"; };
		FA2E526814C385E3005B72CD /* ABDiscrepancy.m */ = {isa = PBXFileReference; fileEncoding = 4; lastKnownFileType = sourcecode.c.objc; path = ABDiscrepancy.m; sourceTree = "<group>"; };
		FA2E526A14C38B07005B72CD /* ABDiscrepancyView.h */ = {isa = PBXFileReference; fileEncoding = 4; lastKnownFileType = sourcecode.c.h; path = ABDiscrepancyView.h; sourceTree = "<group>"; };
		FA2E526B14C38B07005B72CD /* ABDiscrepancyView.m */ = {isa = PBXFileReference; fileEncoding = 4; lastKnownFileType = sourcecode.c.objc; path = ABDiscrepancyView.m; sourceTree = "<group>"; };
		FA2E526F14C3D4EB005B72CD /* ABDiscrepancyListView.h */ = {isa = PBXFileReference; fileEncoding = 4; path = ABDiscrepancyListView.h; sourceTree = "<group>"; };
		FA2E527014C3D4EB005B72CD /* ABDiscrepancyListView.m */ = {isa = PBXFileReference; fileEncoding = 4; lastKnownFileType = sourcecode.c.objc; path = ABDiscrepancyListView.m; sourceTree = "<group>"; };
/* End PBXFileReference section */

/* Begin PBXFrameworksBuildPhase section */
		FA2E523614C36905005B72CD /* Frameworks */ = {
			isa = PBXFrameworksBuildPhase;
			buildActionMask = 2147483647;
			files = (
				FA2E525F14C36A6A005B72CD /* AddressBook.framework in Frameworks */,
				FA2E523E14C36906005B72CD /* Cocoa.framework in Frameworks */,
			);
			runOnlyForDeploymentPostprocessing = 0;
		};
/* End PBXFrameworksBuildPhase section */

/* Begin PBXGroup section */
		FA2E522E14C36905005B72CD = {
			isa = PBXGroup;
			children = (
				FA2E524314C36906005B72CD /* ABCleaner */,
				FA2E523C14C36905005B72CD /* Frameworks */,
				FA2E523A14C36905005B72CD /* Products */,
			);
			sourceTree = "<group>";
		};
		FA2E523A14C36905005B72CD /* Products */ = {
			isa = PBXGroup;
			children = (
				FA2E523914C36905005B72CD /* ABCleaner.app */,
			);
			name = Products;
			sourceTree = "<group>";
		};
		FA2E523C14C36905005B72CD /* Frameworks */ = {
			isa = PBXGroup;
			children = (
				FA2E525E14C36A6A005B72CD /* AddressBook.framework */,
				FA2E523D14C36905005B72CD /* Cocoa.framework */,
				FA2E523F14C36906005B72CD /* Other Frameworks */,
			);
			name = Frameworks;
			sourceTree = "<group>";
		};
		FA2E523F14C36906005B72CD /* Other Frameworks */ = {
			isa = PBXGroup;
			children = (
				FA2E524014C36906005B72CD /* AppKit.framework */,
				FA2E524114C36906005B72CD /* CoreData.framework */,
				FA2E524214C36906005B72CD /* Foundation.framework */,
			);
			name = "Other Frameworks";
			sourceTree = "<group>";
		};
		FA2E524314C36906005B72CD /* ABCleaner */ = {
			isa = PBXGroup;
			children = (
				FA2E525A14C36A0B005B72CD /* Suggestions */,
				FA2E526614C381EA005B72CD /* Suggestion View */,
				FA2E524F14C36906005B72CD /* AppDelegate.h */,
				FA2E525014C36906005B72CD /* AppDelegate.m */,
				FA2E525214C36906005B72CD /* MainMenu.xib */,
				FA2E524414C36906005B72CD /* Supporting Files */,
			);
			path = ABCleaner;
			sourceTree = "<group>";
		};
		FA2E524414C36906005B72CD /* Supporting Files */ = {
			isa = PBXGroup;
			children = (
				FA2E524514C36906005B72CD /* ABCleaner-Info.plist */,
				FA2E524614C36906005B72CD /* InfoPlist.strings */,
				FA2E524914C36906005B72CD /* main.m */,
				FA2E524B14C36906005B72CD /* ABCleaner-Prefix.pch */,
				FA2E524C14C36906005B72CD /* Credits.rtf */,
			);
			name = "Supporting Files";
			sourceTree = "<group>";
		};
		FA2E525A14C36A0B005B72CD /* Suggestions */ = {
			isa = PBXGroup;
			children = (
				FA2E526714C385BD005B72CD /* ABDiscrepancy.h */,
				FA2E526814C385E3005B72CD /* ABDiscrepancy.m */,
				FA2E526014C36B09005B72CD /* ABDuplicateDiscrepancy.h */,
				FA2E526114C36B09005B72CD /* ABDuplicateDiscrepancy.m */,
				FA2E526314C36D02005B72CD /* ABDiscrepancyScanner.h */,
				FA2E526414C36D02005B72CD /* ABDiscrepancyScanner.m */,
			);
			name = Suggestions;
			sourceTree = "<group>";
		};
		FA2E526614C381EA005B72CD /* Suggestion View */ = {
			isa = PBXGroup;
			children = (
				FA2E526A14C38B07005B72CD /* ABDiscrepancyView.h */,
				FA2E526B14C38B07005B72CD /* ABDiscrepancyView.m */,
				FA2E526F14C3D4EB005B72CD /* ABDiscrepancyListView.h */,
				FA2E527014C3D4EB005B72CD /* ABDiscrepancyListView.m */,
			);
			name = "Suggestion View";
			sourceTree = "<group>";
		};
/* End PBXGroup section */

/* Begin PBXNativeTarget section */
		FA2E523814C36905005B72CD /* ABCleaner */ = {
			isa = PBXNativeTarget;
			buildConfigurationList = FA2E525714C36906005B72CD /* Build configuration list for PBXNativeTarget "ABCleaner" */;
			buildPhases = (
				FA2E523514C36905005B72CD /* Sources */,
				FA2E523614C36905005B72CD /* Frameworks */,
				FA2E523714C36905005B72CD /* Resources */,
				FA2E526E14C38EA2005B72CD /* ShellScript */,
			);
			buildRules = (
			);
			dependencies = (
			);
			name = ABCleaner;
			productName = ABCleaner;
			productReference = FA2E523914C36905005B72CD /* ABCleaner.app */;
			productType = "com.apple.product-type.application";
		};
/* End PBXNativeTarget section */

/* Begin PBXProject section */
		FA2E523014C36905005B72CD /* Project object */ = {
			isa = PBXProject;
			attributes = {
				LastUpgradeCheck = 0420;
			};
			buildConfigurationList = FA2E523314C36905005B72CD /* Build configuration list for PBXProject "ABCleaner" */;
			compatibilityVersion = "Xcode 3.2";
			developmentRegion = English;
			hasScannedForEncodings = 0;
			knownRegions = (
				en,
			);
			mainGroup = FA2E522E14C36905005B72CD;
			productRefGroup = FA2E523A14C36905005B72CD /* Products */;
			projectDirPath = "";
			projectRoot = "";
			targets = (
				FA2E523814C36905005B72CD /* ABCleaner */,
			);
		};
/* End PBXProject section */

/* Begin PBXResourcesBuildPhase section */
		FA2E523714C36905005B72CD /* Resources */ = {
			isa = PBXResourcesBuildPhase;
			buildActionMask = 2147483647;
			files = (
				FA2E524814C36906005B72CD /* InfoPlist.strings in Resources */,
				FA2E524E14C36906005B72CD /* Credits.rtf in Resources */,
				FA2E525414C36906005B72CD /* MainMenu.xib in Resources */,
			);
			runOnlyForDeploymentPostprocessing = 0;
		};
/* End PBXResourcesBuildPhase section */

/* Begin PBXShellScriptBuildPhase section */
		FA2E526E14C38EA2005B72CD /* ShellScript */ = {
			isa = PBXShellScriptBuildPhase;
			buildActionMask = 2147483647;
			files = (
			);
			inputPaths = (
			);
			outputPaths = (
			);
			runOnlyForDeploymentPostprocessing = 0;
			shellPath = /bin/sh;
			shellScript = "";
		};
/* End PBXShellScriptBuildPhase section */

/* Begin PBXSourcesBuildPhase section */
		FA2E523514C36905005B72CD /* Sources */ = {
			isa = PBXSourcesBuildPhase;
			buildActionMask = 2147483647;
			files = (
				FA2E524A14C36906005B72CD /* main.m in Sources */,
				FA2E525114C36906005B72CD /* AppDelegate.m in Sources */,
				FA2E526214C36B09005B72CD /* ABDuplicateDiscrepancy.m in Sources */,
				FA2E526514C36D02005B72CD /* ABDiscrepancyScanner.m in Sources */,
				FA2E526914C385E3005B72CD /* ABDiscrepancy.m in Sources */,
				FA2E526C14C38B07005B72CD /* ABDiscrepancyView.m in Sources */,
				FA2E527114C3D4EB005B72CD /* ABDiscrepancyListView.m in Sources */,
			);
			runOnlyForDeploymentPostprocessing = 0;
		};
/* End PBXSourcesBuildPhase section */

/* Begin PBXVariantGroup section */
		FA2E524614C36906005B72CD /* InfoPlist.strings */ = {
			isa = PBXVariantGroup;
			children = (
				FA2E524714C36906005B72CD /* en */,
			);
			name = InfoPlist.strings;
			sourceTree = "<group>";
		};
		FA2E524C14C36906005B72CD /* Credits.rtf */ = {
			isa = PBXVariantGroup;
			children = (
				FA2E524D14C36906005B72CD /* en */,
			);
			name = Credits.rtf;
			sourceTree = "<group>";
		};
		FA2E525214C36906005B72CD /* MainMenu.xib */ = {
			isa = PBXVariantGroup;
			children = (
				FA2E525314C36906005B72CD /* en */,
			);
			name = MainMenu.xib;
			sourceTree = "<group>";
		};
/* End PBXVariantGroup section */

/* Begin XCBuildConfiguration section */
		FA2E525514C36906005B72CD /* Debug */ = {
			isa = XCBuildConfiguration;
			buildSettings = {
				ALWAYS_SEARCH_USER_PATHS = NO;
				ARCHS = "$(ARCHS_STANDARD_64_BIT)";
				CLANG_ENABLE_OBJC_ARC = YES;
				COPY_PHASE_STRIP = NO;
				GCC_C_LANGUAGE_STANDARD = gnu99;
				GCC_DYNAMIC_NO_PIC = NO;
				GCC_ENABLE_OBJC_EXCEPTIONS = YES;
				GCC_OPTIMIZATION_LEVEL = 0;
				GCC_PREPROCESSOR_DEFINITIONS = (
					"DEBUG=1",
					"$(inherited)",
				);
				GCC_SYMBOLS_PRIVATE_EXTERN = NO;
				GCC_VERSION = com.apple.compilers.llvm.clang.1_0;
				GCC_WARN_64_TO_32_BIT_CONVERSION = YES;
				GCC_WARN_ABOUT_MISSING_PROTOTYPES = YES;
				GCC_WARN_ABOUT_RETURN_TYPE = YES;
				GCC_WARN_UNUSED_VARIABLE = YES;
				MACOSX_DEPLOYMENT_TARGET = 10.7;
				ONLY_ACTIVE_ARCH = YES;
				SDKROOT = macosx;
			};
			name = Debug;
		};
		FA2E525614C36906005B72CD /* Release */ = {
			isa = XCBuildConfiguration;
			buildSettings = {
				ALWAYS_SEARCH_USER_PATHS = NO;
				ARCHS = "$(ARCHS_STANDARD_64_BIT)";
				CLANG_ENABLE_OBJC_ARC = YES;
				COPY_PHASE_STRIP = YES;
				DEBUG_INFORMATION_FORMAT = "dwarf-with-dsym";
				GCC_C_LANGUAGE_STANDARD = gnu99;
				GCC_ENABLE_OBJC_EXCEPTIONS = YES;
				GCC_VERSION = com.apple.compilers.llvm.clang.1_0;
				GCC_WARN_64_TO_32_BIT_CONVERSION = YES;
				GCC_WARN_ABOUT_MISSING_PROTOTYPES = YES;
				GCC_WARN_ABOUT_RETURN_TYPE = YES;
				GCC_WARN_UNUSED_VARIABLE = YES;
				MACOSX_DEPLOYMENT_TARGET = 10.7;
				SDKROOT = macosx;
			};
			name = Release;
		};
		FA2E525814C36906005B72CD /* Debug */ = {
			isa = XCBuildConfiguration;
			buildSettings = {
				GCC_PRECOMPILE_PREFIX_HEADER = YES;
				GCC_PREFIX_HEADER = "ABCleaner/ABCleaner-Prefix.pch";
				INFOPLIST_FILE = "ABCleaner/ABCleaner-Info.plist";
				PRODUCT_NAME = "$(TARGET_NAME)";
				WRAPPER_EXTENSION = app;
			};
			name = Debug;
		};
		FA2E525914C36906005B72CD /* Release */ = {
			isa = XCBuildConfiguration;
			buildSettings = {
				GCC_PRECOMPILE_PREFIX_HEADER = YES;
				GCC_PREFIX_HEADER = "ABCleaner/ABCleaner-Prefix.pch";
				INFOPLIST_FILE = "ABCleaner/ABCleaner-Info.plist";
				PRODUCT_NAME = "$(TARGET_NAME)";
				WRAPPER_EXTENSION = app;
			};
			name = Release;
		};
/* End XCBuildConfiguration section */

/* Begin XCConfigurationList section */
		FA2E523314C36905005B72CD /* Build configuration list for PBXProject "ABCleaner" */ = {
			isa = XCConfigurationList;
			buildConfigurations = (
				FA2E525514C36906005B72CD /* Debug */,
				FA2E525614C36906005B72CD /* Release */,
			);
			defaultConfigurationIsVisible = 0;
			defaultConfigurationName = Release;
		};
		FA2E525714C36906005B72CD /* Build configuration list for PBXNativeTarget "ABCleaner" */ = {
			isa = XCConfigurationList;
			buildConfigurations = (
				FA2E525814C36906005B72CD /* Debug */,
				FA2E525914C36906005B72CD /* Release */,
			);
			defaultConfigurationIsVisible = 0;
		};
/* End XCConfigurationList section */
	};
	rootObject = FA2E523014C36905005B72CD /* Project object */;
}
